// !$*UTF8*$!
{
	archiveVersion = 1;
	classes = {
	};
	objectVersion = 55;
	objects = {

/* Begin PBXBuildFile section */
		3F043B41295DD07E0036AC6A /* PersistenceManager.swift in Sources */ = {isa = PBXBuildFile; fileRef = 3F043B40295DD07E0036AC6A /* PersistenceManager.swift */; };
		3F2DDBBA295B8433007B803F /* LaunchScreen.storyboard in Resources */ = {isa = PBXBuildFile; fileRef = 3F2DDBB9295B8433007B803F /* LaunchScreen.storyboard */; };
		3F4F3050295C64AB0020EDD2 /* Media.xcassets in Resources */ = {isa = PBXBuildFile; fileRef = 3F4F304F295C64AB0020EDD2 /* Media.xcassets */; };
		3F68CDFA29634A6A00FB0F0B /* LocationTableCell.swift in Sources */ = {isa = PBXBuildFile; fileRef = 3F68CDF929634A6A00FB0F0B /* LocationTableCell.swift */; };
		3F7D4F86296493C0009CB727 /* UISearchBar+TextField.swift in Sources */ = {isa = PBXBuildFile; fileRef = 3F7D4F85296493C0009CB727 /* UISearchBar+TextField.swift */; };
		3F8358CF296475B100283531 /* Location.swift in Sources */ = {isa = PBXBuildFile; fileRef = 3F8358CE296475B100283531 /* Location.swift */; };
		3F96441B295F730400E04D65 /* LocationsCoordinator.swift in Sources */ = {isa = PBXBuildFile; fileRef = 3F96441A295F730400E04D65 /* LocationsCoordinator.swift */; };
		3F96441F295F782600E04D65 /* AddLocationRouter.swift in Sources */ = {isa = PBXBuildFile; fileRef = 3F96441E295F782600E04D65 /* AddLocationRouter.swift */; };
		3F964421295F79CA00E04D65 /* MapPresenter.swift in Sources */ = {isa = PBXBuildFile; fileRef = 3F964420295F79CA00E04D65 /* MapPresenter.swift */; };
		3FBE9DBB295DFFFB0055AECA /* LocationAddViewController.swift in Sources */ = {isa = PBXBuildFile; fileRef = 3FBE9DBA295DFFFB0055AECA /* LocationAddViewController.swift */; };
		3FE030B7295F2F9A00EDC03C /* ModuleBuilder.swift in Sources */ = {isa = PBXBuildFile; fileRef = 3FE030B6295F2F9A00EDC03C /* ModuleBuilder.swift */; };
		3FE030C0295F37D200EDC03C /* LocationsPresenter.swift in Sources */ = {isa = PBXBuildFile; fileRef = 3FE030BF295F37D200EDC03C /* LocationsPresenter.swift */; };
		3FE737F42960D1EA008C890A /* LocationsDataModel.xcdatamodeld in Sources */ = {isa = PBXBuildFile; fileRef = 3FE737F22960D1EA008C890A /* LocationsDataModel.xcdatamodeld */; };
		4118125828AE8321008ED400 /* AppDelegate.swift in Sources */ = {isa = PBXBuildFile; fileRef = 4118125728AE8321008ED400 /* AppDelegate.swift */; };
		4118126C28AE8748008ED400 /* LocationsViewController.swift in Sources */ = {isa = PBXBuildFile; fileRef = 4118126B28AE8748008ED400 /* LocationsViewController.swift */; };
		4118126E28AE8874008ED400 /* MapViewController.swift in Sources */ = {isa = PBXBuildFile; fileRef = 4118126D28AE8874008ED400 /* MapViewController.swift */; };
		4118127228AE9383008ED400 /* MapPin.swift in Sources */ = {isa = PBXBuildFile; fileRef = 4118127128AE9383008ED400 /* MapPin.swift */; };
		C57050FBDA26A2914048E219 /* Pods_favourite_locations.framework in Frameworks */ = {isa = PBXBuildFile; fileRef = 80BDDEF367D9420B16709C07 /* Pods_favourite_locations.framework */; };
/* End PBXBuildFile section */

/* Begin PBXFileReference section */
		123217372F077B1FB34A4A30 /* Pods-favourite-locations.debug.xcconfig */ = {isa = PBXFileReference; includeInIndex = 1; lastKnownFileType = text.xcconfig; name = "Pods-favourite-locations.debug.xcconfig"; path = "Target Support Files/Pods-favourite-locations/Pods-favourite-locations.debug.xcconfig"; sourceTree = "<group>"; };
		31916ADC3B07BDD7C4E22F39 /* Pods-favourite-locations.release.xcconfig */ = {isa = PBXFileReference; includeInIndex = 1; lastKnownFileType = text.xcconfig; name = "Pods-favourite-locations.release.xcconfig"; path = "Target Support Files/Pods-favourite-locations/Pods-favourite-locations.release.xcconfig"; sourceTree = "<group>"; };
		3F043B40295DD07E0036AC6A /* PersistenceManager.swift */ = {isa = PBXFileReference; lastKnownFileType = sourcecode.swift; path = PersistenceManager.swift; sourceTree = "<group>"; };
		3F2DDBB9295B8433007B803F /* LaunchScreen.storyboard */ = {isa = PBXFileReference; lastKnownFileType = file.storyboard; path = LaunchScreen.storyboard; sourceTree = "<group>"; };
		3F4F304F295C64AB0020EDD2 /* Media.xcassets */ = {isa = PBXFileReference; lastKnownFileType = folder.assetcatalog; path = Media.xcassets; sourceTree = "<group>"; };
		3F68CDF929634A6A00FB0F0B /* LocationTableCell.swift */ = {isa = PBXFileReference; lastKnownFileType = sourcecode.swift; path = LocationTableCell.swift; sourceTree = "<group>"; };
		3F7D4F85296493C0009CB727 /* UISearchBar+TextField.swift */ = {isa = PBXFileReference; lastKnownFileType = sourcecode.swift; path = "UISearchBar+TextField.swift"; sourceTree = "<group>"; };
		3F8358CE296475B100283531 /* Location.swift */ = {isa = PBXFileReference; fileEncoding = 4; lastKnownFileType = sourcecode.swift; path = Location.swift; sourceTree = "<group>"; };
		3F96441A295F730400E04D65 /* LocationsCoordinator.swift */ = {isa = PBXFileReference; lastKnownFileType = sourcecode.swift; path = LocationsCoordinator.swift; sourceTree = "<group>"; };
		3F96441E295F782600E04D65 /* AddLocationRouter.swift */ = {isa = PBXFileReference; lastKnownFileType = sourcecode.swift; path = AddLocationRouter.swift; sourceTree = "<group>"; };
		3F964420295F79CA00E04D65 /* MapPresenter.swift */ = {isa = PBXFileReference; lastKnownFileType = sourcecode.swift; path = MapPresenter.swift; sourceTree = "<group>"; };
		3FBE9DBA295DFFFB0055AECA /* LocationAddViewController.swift */ = {isa = PBXFileReference; lastKnownFileType = sourcecode.swift; path = LocationAddViewController.swift; sourceTree = "<group>"; };
		3FE030B6295F2F9A00EDC03C /* ModuleBuilder.swift */ = {isa = PBXFileReference; lastKnownFileType = sourcecode.swift; path = ModuleBuilder.swift; sourceTree = "<group>"; };
		3FE030BF295F37D200EDC03C /* LocationsPresenter.swift */ = {isa = PBXFileReference; lastKnownFileType = sourcecode.swift; path = LocationsPresenter.swift; sourceTree = "<group>"; };
		3FE737F32960D1EA008C890A /* LocationsDataModel.xcdatamodel */ = {isa = PBXFileReference; lastKnownFileType = wrapper.xcdatamodel; path = LocationsDataModel.xcdatamodel; sourceTree = "<group>"; };
		4118125428AE8321008ED400 /* favourite-locations.app */ = {isa = PBXFileReference; explicitFileType = wrapper.application; includeInIndex = 0; path = "favourite-locations.app"; sourceTree = BUILT_PRODUCTS_DIR; };
		4118125728AE8321008ED400 /* AppDelegate.swift */ = {isa = PBXFileReference; lastKnownFileType = sourcecode.swift; path = AppDelegate.swift; sourceTree = "<group>"; };
		4118126528AE8323008ED400 /* Info.plist */ = {isa = PBXFileReference; lastKnownFileType = text.plist.xml; path = Info.plist; sourceTree = "<group>"; };
		4118126B28AE8748008ED400 /* LocationsViewController.swift */ = {isa = PBXFileReference; lastKnownFileType = sourcecode.swift; path = LocationsViewController.swift; sourceTree = "<group>"; };
		4118126D28AE8874008ED400 /* MapViewController.swift */ = {isa = PBXFileReference; lastKnownFileType = sourcecode.swift; path = MapViewController.swift; sourceTree = "<group>"; };
		4118127128AE9383008ED400 /* MapPin.swift */ = {isa = PBXFileReference; lastKnownFileType = sourcecode.swift; path = MapPin.swift; sourceTree = "<group>"; };
		80BDDEF367D9420B16709C07 /* Pods_favourite_locations.framework */ = {isa = PBXFileReference; explicitFileType = wrapper.framework; includeInIndex = 0; path = Pods_favourite_locations.framework; sourceTree = BUILT_PRODUCTS_DIR; };
/* End PBXFileReference section */

/* Begin PBXFrameworksBuildPhase section */
		4118125128AE8321008ED400 /* Frameworks */ = {
			isa = PBXFrameworksBuildPhase;
			buildActionMask = 2147483647;
			files = (
				C57050FBDA26A2914048E219 /* Pods_favourite_locations.framework in Frameworks */,
			);
			runOnlyForDeploymentPostprocessing = 0;
		};
/* End PBXFrameworksBuildPhase section */

/* Begin PBXGroup section */
		3F043B3F295DD01E0036AC6A /* Services */ = {
			isa = PBXGroup;
			children = (
				3F043B40295DD07E0036AC6A /* PersistenceManager.swift */,
				3FE030B6295F2F9A00EDC03C /* ModuleBuilder.swift */,
			);
			path = Services;
			sourceTree = "<group>";
		};
		3F2DDBAF295B57FE007B803F /* Core */ = {
			isa = PBXGroup;
			children = (
				4118125728AE8321008ED400 /* AppDelegate.swift */,
				4118126528AE8323008ED400 /* Info.plist */,
			);
			path = Core;
			sourceTree = "<group>";
		};
		3F2DDBB0295B596E007B803F /* Resources */ = {
			isa = PBXGroup;
			children = (
				3F2DDBB9295B8433007B803F /* LaunchScreen.storyboard */,
				3F4F304F295C64AB0020EDD2 /* Media.xcassets */,
			);
			path = Resources;
			sourceTree = "<group>";
		};
		3F65F549295CA5C60024207D /* View */ = {
			isa = PBXGroup;
			children = (
				4118126B28AE8748008ED400 /* LocationsViewController.swift */,
				3FBE9DBA295DFFFB0055AECA /* LocationAddViewController.swift */,
				3F68CDF929634A6A00FB0F0B /* LocationTableCell.swift */,
				3F7D4F85296493C0009CB727 /* UISearchBar+TextField.swift */,
			);
			path = View;
			sourceTree = "<group>";
		};
		3F65F54A295CA5CB0024207D /* Presenter */ = {
			isa = PBXGroup;
			children = (
				3FE030BF295F37D200EDC03C /* LocationsPresenter.swift */,
			);
			path = Presenter;
			sourceTree = "<group>";
		};
		3F96441C295F730D00E04D65 /* Coordinator */ = {
			isa = PBXGroup;
			children = (
				3F96441A295F730400E04D65 /* LocationsCoordinator.swift */,
			);
			path = Coordinator;
			sourceTree = "<group>";
		};
		3F96441D295F77E500E04D65 /* Router */ = {
			isa = PBXGroup;
			children = (
				3F96441E295F782600E04D65 /* AddLocationRouter.swift */,
			);
			path = Router;
			sourceTree = "<group>";
		};
		3FE030B8295F341500EDC03C /* LocationsModule */ = {
			isa = PBXGroup;
			children = (
				3F96441D295F77E500E04D65 /* Router */,
				3FE030B9295F343900EDC03C /* Model */,
				3F65F549295CA5C60024207D /* View */,
				3F65F54A295CA5CB0024207D /* Presenter */,
			);
			path = LocationsModule;
			sourceTree = "<group>";
		};
		3FE030B9295F343900EDC03C /* Model */ = {
			isa = PBXGroup;
			children = (
				3F8358CE296475B100283531 /* Location.swift */,
				3FE737F22960D1EA008C890A /* LocationsDataModel.xcdatamodeld */,
			);
			path = Model;
			sourceTree = "<group>";
		};
		3FE030BE295F351300EDC03C /* MapModule */ = {
			isa = PBXGroup;
			children = (
				3FE030C1295F385400EDC03C /* Model */,
				3FE030C2295F386200EDC03C /* View */,
				3FE030C3295F387100EDC03C /* Presenter */,
			);
			path = MapModule;
			sourceTree = "<group>";
		};
		3FE030C1295F385400EDC03C /* Model */ = {
			isa = PBXGroup;
			children = (
				4118127128AE9383008ED400 /* MapPin.swift */,
			);
			path = Model;
			sourceTree = "<group>";
		};
		3FE030C2295F386200EDC03C /* View */ = {
			isa = PBXGroup;
			children = (
				4118126D28AE8874008ED400 /* MapViewController.swift */,
			);
			path = View;
			sourceTree = "<group>";
		};
		3FE030C3295F387100EDC03C /* Presenter */ = {
			isa = PBXGroup;
			children = (
				3F964420295F79CA00E04D65 /* MapPresenter.swift */,
			);
			path = Presenter;
			sourceTree = "<group>";
		};
		4118124B28AE8321008ED400 = {
			isa = PBXGroup;
			children = (
				4118125628AE8321008ED400 /* favourite-locations */,
				4118125528AE8321008ED400 /* Products */,
				E748AC8F6786644969DEE3AB /* Pods */,
				D0D6833882F7B628130B25CA /* Frameworks */,
			);
			sourceTree = "<group>";
		};
		4118125528AE8321008ED400 /* Products */ = {
			isa = PBXGroup;
			children = (
				4118125428AE8321008ED400 /* favourite-locations.app */,
			);
			name = Products;
			sourceTree = "<group>";
		};
		4118125628AE8321008ED400 /* favourite-locations */ = {
			isa = PBXGroup;
			children = (
				3F96441C295F730D00E04D65 /* Coordinator */,
				3F043B3F295DD01E0036AC6A /* Services */,
				3FE030B8295F341500EDC03C /* LocationsModule */,
				3FE030BE295F351300EDC03C /* MapModule */,
				3F2DDBAF295B57FE007B803F /* Core */,
				3F2DDBB0295B596E007B803F /* Resources */,
			);
			path = "favourite-locations";
			sourceTree = "<group>";
		};
		D0D6833882F7B628130B25CA /* Frameworks */ = {
			isa = PBXGroup;
			children = (
				80BDDEF367D9420B16709C07 /* Pods_favourite_locations.framework */,
			);
			name = Frameworks;
			sourceTree = "<group>";
		};
		E748AC8F6786644969DEE3AB /* Pods */ = {
			isa = PBXGroup;
			children = (
				123217372F077B1FB34A4A30 /* Pods-favourite-locations.debug.xcconfig */,
				31916ADC3B07BDD7C4E22F39 /* Pods-favourite-locations.release.xcconfig */,
			);
			path = Pods;
			sourceTree = "<group>";
		};
/* End PBXGroup section */

/* Begin PBXNativeTarget section */
		4118125328AE8321008ED400 /* favourite-locations */ = {
			isa = PBXNativeTarget;
			buildConfigurationList = 4118126828AE8323008ED400 /* Build configuration list for PBXNativeTarget "favourite-locations" */;
			buildPhases = (
				8EEC9616121395CE71CA7D90 /* [CP] Check Pods Manifest.lock */,
				3F2DDBAE295B53E3007B803F /* Run Script */,
				4118125028AE8321008ED400 /* Sources */,
				4118125128AE8321008ED400 /* Frameworks */,
				4118125228AE8321008ED400 /* Resources */,
				EC65CC28F963A054BF5C04E5 /* [CP] Embed Pods Frameworks */,
			);
			buildRules = (
			);
			dependencies = (
			);
			name = "favourite-locations";
			productName = "no-storyboard-launch";
			productReference = 4118125428AE8321008ED400 /* favourite-locations.app */;
			productType = "com.apple.product-type.application";
		};
/* End PBXNativeTarget section */

/* Begin PBXProject section */
		4118124C28AE8321008ED400 /* Project object */ = {
			isa = PBXProject;
			attributes = {
				BuildIndependentTargetsInParallel = 1;
				LastSwiftUpdateCheck = 1320;
				LastUpgradeCheck = 1320;
				TargetAttributes = {
					4118125328AE8321008ED400 = {
						CreatedOnToolsVersion = 13.2.1;
					};
				};
			};
			buildConfigurationList = 4118124F28AE8321008ED400 /* Build configuration list for PBXProject "favourite-locations" */;
			compatibilityVersion = "Xcode 13.0";
			developmentRegion = en;
			hasScannedForEncodings = 0;
			knownRegions = (
				en,
				Base,
			);
			mainGroup = 4118124B28AE8321008ED400;
			productRefGroup = 4118125528AE8321008ED400 /* Products */;
			projectDirPath = "";
			projectRoot = "";
			targets = (
				4118125328AE8321008ED400 /* favourite-locations */,
			);
		};
/* End PBXProject section */

/* Begin PBXResourcesBuildPhase section */
		4118125228AE8321008ED400 /* Resources */ = {
			isa = PBXResourcesBuildPhase;
			buildActionMask = 2147483647;
			files = (
				3F4F3050295C64AB0020EDD2 /* Media.xcassets in Resources */,
				3F2DDBBA295B8433007B803F /* LaunchScreen.storyboard in Resources */,
			);
			runOnlyForDeploymentPostprocessing = 0;
		};
/* End PBXResourcesBuildPhase section */

/* Begin PBXShellScriptBuildPhase section */
		3F2DDBAE295B53E3007B803F /* Run Script */ = {
			isa = PBXShellScriptBuildPhase;
			buildActionMask = 2147483647;
			files = (
			);
			inputFileListPaths = (
			);
			inputPaths = (
			);
			name = "Run Script";
			outputFileListPaths = (
			);
			outputPaths = (
			);
			runOnlyForDeploymentPostprocessing = 0;
			shellPath = /bin/sh;
			shellScript = "${PODS_ROOT}/SwiftLint/swiftlint\n";
		};
		8EEC9616121395CE71CA7D90 /* [CP] Check Pods Manifest.lock */ = {
			isa = PBXShellScriptBuildPhase;
			buildActionMask = 2147483647;
			files = (
			);
			inputFileListPaths = (
			);
			inputPaths = (
				"${PODS_PODFILE_DIR_PATH}/Podfile.lock",
				"${PODS_ROOT}/Manifest.lock",
			);
			name = "[CP] Check Pods Manifest.lock";
			outputFileListPaths = (
			);
			outputPaths = (
				"$(DERIVED_FILE_DIR)/Pods-favourite-locations-checkManifestLockResult.txt",
			);
			runOnlyForDeploymentPostprocessing = 0;
			shellPath = /bin/sh;
			shellScript = "diff \"${PODS_PODFILE_DIR_PATH}/Podfile.lock\" \"${PODS_ROOT}/Manifest.lock\" > /dev/null\nif [ $? != 0 ] ; then\n    # print error to STDERR\n    echo \"error: The sandbox is not in sync with the Podfile.lock. Run 'pod install' or update your CocoaPods installation.\" >&2\n    exit 1\nfi\n# This output is used by Xcode 'outputs' to avoid re-running this script phase.\necho \"SUCCESS\" > \"${SCRIPT_OUTPUT_FILE_0}\"\n";
			showEnvVarsInLog = 0;
		};
		EC65CC28F963A054BF5C04E5 /* [CP] Embed Pods Frameworks */ = {
			isa = PBXShellScriptBuildPhase;
			buildActionMask = 2147483647;
			files = (
			);
			inputFileListPaths = (
				"${PODS_ROOT}/Target Support Files/Pods-favourite-locations/Pods-favourite-locations-frameworks-${CONFIGURATION}-input-files.xcfilelist",
			);
			name = "[CP] Embed Pods Frameworks";
			outputFileListPaths = (
				"${PODS_ROOT}/Target Support Files/Pods-favourite-locations/Pods-favourite-locations-frameworks-${CONFIGURATION}-output-files.xcfilelist",
			);
			runOnlyForDeploymentPostprocessing = 0;
			shellPath = /bin/sh;
			shellScript = "\"${PODS_ROOT}/Target Support Files/Pods-favourite-locations/Pods-favourite-locations-frameworks.sh\"\n";
			showEnvVarsInLog = 0;
		};
/* End PBXShellScriptBuildPhase section */

/* Begin PBXSourcesBuildPhase section */
		4118125028AE8321008ED400 /* Sources */ = {
			isa = PBXSourcesBuildPhase;
			buildActionMask = 2147483647;
			files = (
				4118126C28AE8748008ED400 /* LocationsViewController.swift in Sources */,
				3F043B41295DD07E0036AC6A /* PersistenceManager.swift in Sources */,
				4118127228AE9383008ED400 /* MapPin.swift in Sources */,
				3F7D4F86296493C0009CB727 /* UISearchBar+TextField.swift in Sources */,
				3F68CDFA29634A6A00FB0F0B /* LocationTableCell.swift in Sources */,
				3F96441B295F730400E04D65 /* LocationsCoordinator.swift in Sources */,
				3FBE9DBB295DFFFB0055AECA /* LocationAddViewController.swift in Sources */,
				3F8358CF296475B100283531 /* Location.swift in Sources */,
				4118125828AE8321008ED400 /* AppDelegate.swift in Sources */,
				3F96441F295F782600E04D65 /* AddLocationRouter.swift in Sources */,
				3FE030B7295F2F9A00EDC03C /* ModuleBuilder.swift in Sources */,
				3F964421295F79CA00E04D65 /* MapPresenter.swift in Sources */,
				3FE030C0295F37D200EDC03C /* LocationsPresenter.swift in Sources */,
				3FE737F42960D1EA008C890A /* LocationsDataModel.xcdatamodeld in Sources */,
				4118126E28AE8874008ED400 /* MapViewController.swift in Sources */,
			);
			runOnlyForDeploymentPostprocessing = 0;
		};
/* End PBXSourcesBuildPhase section */

/* Begin XCBuildConfiguration section */
		4118126628AE8323008ED400 /* Debug */ = {
			isa = XCBuildConfiguration;
			buildSettings = {
				ALWAYS_SEARCH_USER_PATHS = NO;
				CLANG_ANALYZER_NONNULL = YES;
				CLANG_ANALYZER_NUMBER_OBJECT_CONVERSION = YES_AGGRESSIVE;
				CLANG_CXX_LANGUAGE_STANDARD = "gnu++17";
				CLANG_CXX_LIBRARY = "libc++";
				CLANG_ENABLE_MODULES = YES;
				CLANG_ENABLE_OBJC_ARC = YES;
				CLANG_ENABLE_OBJC_WEAK = YES;
				CLANG_WARN_BLOCK_CAPTURE_AUTORELEASING = YES;
				CLANG_WARN_BOOL_CONVERSION = YES;
				CLANG_WARN_COMMA = YES;
				CLANG_WARN_CONSTANT_CONVERSION = YES;
				CLANG_WARN_DEPRECATED_OBJC_IMPLEMENTATIONS = YES;
				CLANG_WARN_DIRECT_OBJC_ISA_USAGE = YES_ERROR;
				CLANG_WARN_DOCUMENTATION_COMMENTS = YES;
				CLANG_WARN_EMPTY_BODY = YES;
				CLANG_WARN_ENUM_CONVERSION = YES;
				CLANG_WARN_INFINITE_RECURSION = YES;
				CLANG_WARN_INT_CONVERSION = YES;
				CLANG_WARN_NON_LITERAL_NULL_CONVERSION = YES;
				CLANG_WARN_OBJC_IMPLICIT_RETAIN_SELF = YES;
				CLANG_WARN_OBJC_LITERAL_CONVERSION = YES;
				CLANG_WARN_OBJC_ROOT_CLASS = YES_ERROR;
				CLANG_WARN_QUOTED_INCLUDE_IN_FRAMEWORK_HEADER = YES;
				CLANG_WARN_RANGE_LOOP_ANALYSIS = YES;
				CLANG_WARN_STRICT_PROTOTYPES = YES;
				CLANG_WARN_SUSPICIOUS_MOVE = YES;
				CLANG_WARN_UNGUARDED_AVAILABILITY = YES_AGGRESSIVE;
				CLANG_WARN_UNREACHABLE_CODE = YES;
				CLANG_WARN__DUPLICATE_METHOD_MATCH = YES;
				COPY_PHASE_STRIP = NO;
				DEBUG_INFORMATION_FORMAT = dwarf;
				ENABLE_STRICT_OBJC_MSGSEND = YES;
				ENABLE_TESTABILITY = YES;
				GCC_C_LANGUAGE_STANDARD = gnu11;
				GCC_DYNAMIC_NO_PIC = NO;
				GCC_NO_COMMON_BLOCKS = YES;
				GCC_OPTIMIZATION_LEVEL = 0;
				GCC_PREPROCESSOR_DEFINITIONS = (
					"DEBUG=1",
					"$(inherited)",
				);
				GCC_WARN_64_TO_32_BIT_CONVERSION = YES;
				GCC_WARN_ABOUT_RETURN_TYPE = YES_ERROR;
				GCC_WARN_UNDECLARED_SELECTOR = YES;
				GCC_WARN_UNINITIALIZED_AUTOS = YES_AGGRESSIVE;
				GCC_WARN_UNUSED_FUNCTION = YES;
				GCC_WARN_UNUSED_VARIABLE = YES;
				IPHONEOS_DEPLOYMENT_TARGET = 12.4;
				MTL_ENABLE_DEBUG_INFO = INCLUDE_SOURCE;
				MTL_FAST_MATH = YES;
				ONLY_ACTIVE_ARCH = YES;
				SDKROOT = iphoneos;
				SWIFT_ACTIVE_COMPILATION_CONDITIONS = DEBUG;
				SWIFT_OPTIMIZATION_LEVEL = "-Onone";
			};
			name = Debug;
		};
		4118126728AE8323008ED400 /* Release */ = {
			isa = XCBuildConfiguration;
			buildSettings = {
				ALWAYS_SEARCH_USER_PATHS = NO;
				CLANG_ANALYZER_NONNULL = YES;
				CLANG_ANALYZER_NUMBER_OBJECT_CONVERSION = YES_AGGRESSIVE;
				CLANG_CXX_LANGUAGE_STANDARD = "gnu++17";
				CLANG_CXX_LIBRARY = "libc++";
				CLANG_ENABLE_MODULES = YES;
				CLANG_ENABLE_OBJC_ARC = YES;
				CLANG_ENABLE_OBJC_WEAK = YES;
				CLANG_WARN_BLOCK_CAPTURE_AUTORELEASING = YES;
				CLANG_WARN_BOOL_CONVERSION = YES;
				CLANG_WARN_COMMA = YES;
				CLANG_WARN_CONSTANT_CONVERSION = YES;
				CLANG_WARN_DEPRECATED_OBJC_IMPLEMENTATIONS = YES;
				CLANG_WARN_DIRECT_OBJC_ISA_USAGE = YES_ERROR;
				CLANG_WARN_DOCUMENTATION_COMMENTS = YES;
				CLANG_WARN_EMPTY_BODY = YES;
				CLANG_WARN_ENUM_CONVERSION = YES;
				CLANG_WARN_INFINITE_RECURSION = YES;
				CLANG_WARN_INT_CONVERSION = YES;
				CLANG_WARN_NON_LITERAL_NULL_CONVERSION = YES;
				CLANG_WARN_OBJC_IMPLICIT_RETAIN_SELF = YES;
				CLANG_WARN_OBJC_LITERAL_CONVERSION = YES;
				CLANG_WARN_OBJC_ROOT_CLASS = YES_ERROR;
				CLANG_WARN_QUOTED_INCLUDE_IN_FRAMEWORK_HEADER = YES;
				CLANG_WARN_RANGE_LOOP_ANALYSIS = YES;
				CLANG_WARN_STRICT_PROTOTYPES = YES;
				CLANG_WARN_SUSPICIOUS_MOVE = YES;
				CLANG_WARN_UNGUARDED_AVAILABILITY = YES_AGGRESSIVE;
				CLANG_WARN_UNREACHABLE_CODE = YES;
				CLANG_WARN__DUPLICATE_METHOD_MATCH = YES;
				COPY_PHASE_STRIP = NO;
				DEBUG_INFORMATION_FORMAT = "dwarf-with-dsym";
				ENABLE_NS_ASSERTIONS = NO;
				ENABLE_STRICT_OBJC_MSGSEND = YES;
				GCC_C_LANGUAGE_STANDARD = gnu11;
				GCC_NO_COMMON_BLOCKS = YES;
				GCC_WARN_64_TO_32_BIT_CONVERSION = YES;
				GCC_WARN_ABOUT_RETURN_TYPE = YES_ERROR;
				GCC_WARN_UNDECLARED_SELECTOR = YES;
				GCC_WARN_UNINITIALIZED_AUTOS = YES_AGGRESSIVE;
				GCC_WARN_UNUSED_FUNCTION = YES;
				GCC_WARN_UNUSED_VARIABLE = YES;
				IPHONEOS_DEPLOYMENT_TARGET = 12.4;
				MTL_ENABLE_DEBUG_INFO = NO;
				MTL_FAST_MATH = YES;
				SDKROOT = iphoneos;
				SWIFT_COMPILATION_MODE = wholemodule;
				SWIFT_OPTIMIZATION_LEVEL = "-O";
				VALIDATE_PRODUCT = YES;
			};
			name = Release;
		};
		4118126928AE8323008ED400 /* Debug */ = {
			isa = XCBuildConfiguration;
			baseConfigurationReference = 123217372F077B1FB34A4A30 /* Pods-favourite-locations.debug.xcconfig */;
			buildSettings = {
				ASSETCATALOG_COMPILER_APPICON_NAME = AppIcon;
				ASSETCATALOG_COMPILER_GLOBAL_ACCENT_COLOR_NAME = AccentColor;
				CODE_SIGN_IDENTITY = "Apple Development";
				CODE_SIGN_STYLE = Automatic;
				CURRENT_PROJECT_VERSION = 1;
				DEVELOPMENT_TEAM = YZU63GB4P5;
				GENERATE_INFOPLIST_FILE = YES;
				INFOPLIST_FILE = "favourite-locations/Core/Info.plist";
				INFOPLIST_KEY_CFBundleDisplayName = "favourite-locations";
				INFOPLIST_KEY_NSLocationAlwaysAndWhenInUseUsageDescription = "";
				INFOPLIST_KEY_NSLocationAlwaysUsageDescription = "Please, allow location usage";
				INFOPLIST_KEY_NSLocationUsageDescription = "";
				INFOPLIST_KEY_NSLocationWhenInUseUsageDescription = "";
				INFOPLIST_KEY_UIApplicationSupportsIndirectInputEvents = YES;
				INFOPLIST_KEY_UILaunchStoryboardName = LaunchScreen;
				INFOPLIST_KEY_UISupportedInterfaceOrientations = "UIInterfaceOrientationPortrait UIInterfaceOrientationLandscapeLeft UIInterfaceOrientationLandscapeRight";
				INFOPLIST_KEY_UISupportedInterfaceOrientations_iPad = "UIInterfaceOrientationPortrait UIInterfaceOrientationPortraitUpsideDown UIInterfaceOrientationLandscapeLeft UIInterfaceOrientationLandscapeRight";
				INFOPLIST_KEY_UISupportedInterfaceOrientations_iPhone = "UIInterfaceOrientationPortrait UIInterfaceOrientationLandscapeLeft UIInterfaceOrientationLandscapeRight";
				LD_RUNPATH_SEARCH_PATHS = (
					"$(inherited)",
					"@executable_path/Frameworks",
				);
				MARKETING_VERSION = 1.0;
				PRODUCT_BUNDLE_IDENTIFIER = "favourite-locations";
				PRODUCT_NAME = "$(TARGET_NAME)";
				PROVISIONING_PROFILE_SPECIFIER = "";
				SWIFT_EMIT_LOC_STRINGS = YES;
				SWIFT_VERSION = 5.0;
				TARGETED_DEVICE_FAMILY = "1,2";
			};
			name = Debug;
		};
		4118126A28AE8323008ED400 /* Release */ = {
			isa = XCBuildConfiguration;
			baseConfigurationReference = 31916ADC3B07BDD7C4E22F39 /* Pods-favourite-locations.release.xcconfig */;
			buildSettings = {
				ASSETCATALOG_COMPILER_APPICON_NAME = AppIcon;
				ASSETCATALOG_COMPILER_GLOBAL_ACCENT_COLOR_NAME = AccentColor;
				CODE_SIGN_IDENTITY = "Apple Development";
				CODE_SIGN_STYLE = Automatic;
				CURRENT_PROJECT_VERSION = 1;
				DEVELOPMENT_TEAM = YZU63GB4P5;
				GENERATE_INFOPLIST_FILE = YES;
				INFOPLIST_FILE = "favourite-locations/Core/Info.plist";
				INFOPLIST_KEY_CFBundleDisplayName = "favourite-locations";
				INFOPLIST_KEY_NSLocationAlwaysAndWhenInUseUsageDescription = "";
				INFOPLIST_KEY_NSLocationAlwaysUsageDescription = "Please, allow location usage";
				INFOPLIST_KEY_NSLocationUsageDescription = "";
				INFOPLIST_KEY_NSLocationWhenInUseUsageDescription = "";
				INFOPLIST_KEY_UIApplicationSupportsIndirectInputEvents = YES;
				INFOPLIST_KEY_UILaunchStoryboardName = LaunchScreen;
				INFOPLIST_KEY_UISupportedInterfaceOrientations = "UIInterfaceOrientationPortrait UIInterfaceOrientationLandscapeLeft UIInterfaceOrientationLandscapeRight";
				INFOPLIST_KEY_UISupportedInterfaceOrientations_iPad = "UIInterfaceOrientationPortrait UIInterfaceOrientationPortraitUpsideDown UIInterfaceOrientationLandscapeLeft UIInterfaceOrientationLandscapeRight";
				INFOPLIST_KEY_UISupportedInterfaceOrientations_iPhone = "UIInterfaceOrientationPortrait UIInterfaceOrientationLandscapeLeft UIInterfaceOrientationLandscapeRight";
				LD_RUNPATH_SEARCH_PATHS = (
					"$(inherited)",
					"@executable_path/Frameworks",
				);
				MARKETING_VERSION = 1.0;
				PRODUCT_BUNDLE_IDENTIFIER = "favourite-locations";
				PRODUCT_NAME = "$(TARGET_NAME)";
				PROVISIONING_PROFILE_SPECIFIER = "";
				SWIFT_EMIT_LOC_STRINGS = YES;
				SWIFT_VERSION = 5.0;
				TARGETED_DEVICE_FAMILY = "1,2";
			};
			name = Release;
		};
/* End XCBuildConfiguration section */

/* Begin XCConfigurationList section */
		4118124F28AE8321008ED400 /* Build configuration list for PBXProject "favourite-locations" */ = {
			isa = XCConfigurationList;
			buildConfigurations = (
				4118126628AE8323008ED400 /* Debug */,
				4118126728AE8323008ED400 /* Release */,
			);
			defaultConfigurationIsVisible = 0;
			defaultConfigurationName = Release;
		};
		4118126828AE8323008ED400 /* Build configuration list for PBXNativeTarget "favourite-locations" */ = {
			isa = XCConfigurationList;
			buildConfigurations = (
				4118126928AE8323008ED400 /* Debug */,
				4118126A28AE8323008ED400 /* Release */,
			);
			defaultConfigurationIsVisible = 0;
			defaultConfigurationName = Release;
		};
/* End XCConfigurationList section */

/* Begin XCVersionGroup section */
		3FE737F22960D1EA008C890A /* LocationsDataModel.xcdatamodeld */ = {
			isa = XCVersionGroup;
			children = (
				3FE737F32960D1EA008C890A /* LocationsDataModel.xcdatamodel */,
			);
			currentVersion = 3FE737F32960D1EA008C890A /* LocationsDataModel.xcdatamodel */;
			path = LocationsDataModel.xcdatamodeld;
			sourceTree = "<group>";
			versionGroupType = wrapper.xcdatamodel;
		};
/* End XCVersionGroup section */
	};
	rootObject = 4118124C28AE8321008ED400 /* Project object */;
}
